
Microsoft Visual Studio Solution File, Format Version 11.00
# Visual C# Express 2010
Project("{FAE04EC0-301F-11D3-BF4B-00C04F79EFBC}") = "kinect4vba", "kinect4vba\kinect4vba.csproj", "{DB13DD1D-AB75-4129-A471-DCA8B2BDD624}"
EndProject
Global
	GlobalSection(SolutionConfigurationPlatforms) = preSolution
		Debug|Any CPU = Debug|Any CPU
		Release|Any CPU = Release|Any CPU
	EndGlobalSection
	GlobalSection(ProjectConfigurationPlatforms) = postSolution
		{DB13DD1D-AB75-4129-A471-DCA8B2BDD624}.Debug|Any CPU.ActiveCfg = Debug|Any CPU
		{DB13DD1D-AB75-4129-A471-DCA8B2BDD624}.Debug|Any CPU.Build.0 = Debug|Any CPU
		{DB13DD1D-AB75-4129-A471-DCA8B2BDD624}.Release|Any CPU.ActiveCfg = Release|Any CPU
		{DB13DD1D-AB75-4129-A471-DCA8B2BDD624}.Release|Any CPU.Build.0 = Release|Any CPU
	EndGlobalSection
	GlobalSection(SolutionProperties) = preSolution
		HideSolutionNode = FALSE
	EndGlobalSection
EndGlobal
